
Microsoft Visual Studio Solution File, Format Version 12.00
Project("{FAE04EC0-301F-11D3-BF4B-00C04F79EFBC}") = "InimcoCase", "InimcoCase\InimcoCase.csproj", "{1567F028-7B61-440E-AEB0-7E01EC6DEC7E}"
EndProject
Project("{FAE04EC0-301F-11D3-BF4B-00C04F79EFBC}") = "InimcoCaseUnitTests", "InimcoCaseUnitTests\InimcoCaseUnitTests.csproj", "{03EFEF58-CC47-4355-8A5B-82179821F268}"
EndProject
Global
	GlobalSection(SolutionConfigurationPlatforms) = preSolution
		Debug|Any CPU = Debug|Any CPU
		Release|Any CPU = Release|Any CPU
	EndGlobalSection
	GlobalSection(ProjectConfigurationPlatforms) = postSolution
		{1567F028-7B61-440E-AEB0-7E01EC6DEC7E}.Debug|Any CPU.ActiveCfg = Debug|Any CPU
		{1567F028-7B61-440E-AEB0-7E01EC6DEC7E}.Debug|Any CPU.Build.0 = Debug|Any CPU
		{1567F028-7B61-440E-AEB0-7E01EC6DEC7E}.Release|Any CPU.ActiveCfg = Release|Any CPU
		{1567F028-7B61-440E-AEB0-7E01EC6DEC7E}.Release|Any CPU.Build.0 = Release|Any CPU
		{03EFEF58-CC47-4355-8A5B-82179821F268}.Debug|Any CPU.ActiveCfg = Debug|Any CPU
		{03EFEF58-CC47-4355-8A5B-82179821F268}.Debug|Any CPU.Build.0 = Debug|Any CPU
		{03EFEF58-CC47-4355-8A5B-82179821F268}.Release|Any CPU.ActiveCfg = Release|Any CPU
		{03EFEF58-CC47-4355-8A5B-82179821F268}.Release|Any CPU.Build.0 = Release|Any CPU
	EndGlobalSection
EndGlobal
